
Microsoft Visual Studio Solution File, Format Version 12.00
# Visual Studio Version 17
VisualStudioVersion = 17.7.34221.43
MinimumVisualStudioVersion = 10.0.40219.1
Project("{FAE04EC0-301F-11D3-BF4B-00C04F79EFBC}") = "TecnologicoAppDani2", "TecnologicoAppDani2.csproj", "{31336C50-4504-472E-B8D0-B8E0C007CF77}"
EndProject
Global
	GlobalSection(SolutionConfigurationPlatforms) = preSolution
		Debug|Any CPU = Debug|Any CPU
		Release|Any CPU = Release|Any CPU
	EndGlobalSection
	GlobalSection(ProjectConfigurationPlatforms) = postSolution
		{31336C50-4504-472E-B8D0-B8E0C007CF77}.Debug|Any CPU.ActiveCfg = Debug|Any CPU
		{31336C50-4504-472E-B8D0-B8E0C007CF77}.Debug|Any CPU.Build.0 = Debug|Any CPU
		{31336C50-4504-472E-B8D0-B8E0C007CF77}.Debug|Any CPU.Deploy.0 = Debug|Any CPU
		{31336C50-4504-472E-B8D0-B8E0C007CF77}.Release|Any CPU.ActiveCfg = Release|Any CPU
		{31336C50-4504-472E-B8D0-B8E0C007CF77}.Release|Any CPU.Build.0 = Release|Any CPU
		{31336C50-4504-472E-B8D0-B8E0C007CF77}.Release|Any CPU.Deploy.0 = Release|Any CPU
	EndGlobalSection
	GlobalSection(SolutionProperties) = preSolution
		HideSolutionNode = FALSE
	EndGlobalSection
	GlobalSection(ExtensibilityGlobals) = postSolution
		SolutionGuid = {8086CA7A-3ECD-4F31-BA4D-ED5F156B2550}
	EndGlobalSection
EndGlobal
